// !$*UTF8*$!
{
	archiveVersion = 1;
	classes = {
	};
	objectVersion = 46;
	objects = {

/* Begin PBXBuildFile section */
		EA0D93A0190010430049D777 /* Foundation.framework in Frameworks */ = {isa = PBXBuildFile; fileRef = EA0D939F190010430049D777 /* Foundation.framework */; };
		EA0D93A2190010430049D777 /* CoreGraphics.framework in Frameworks */ = {isa = PBXBuildFile; fileRef = EA0D93A1190010430049D777 /* CoreGraphics.framework */; };
		EA0D93A4190010430049D777 /* UIKit.framework in Frameworks */ = {isa = PBXBuildFile; fileRef = EA0D93A3190010430049D777 /* UIKit.framework */; };
		EA0D93AA190010430049D777 /* InfoPlist.strings in Resources */ = {isa = PBXBuildFile; fileRef = EA0D93A8190010430049D777 /* InfoPlist.strings */; };
		EA0D93AC190010430049D777 /* main.m in Sources */ = {isa = PBXBuildFile; fileRef = EA0D93AB190010430049D777 /* main.m */; };
		EA0D93B0190010430049D777 /* CDYAppDelegate.m in Sources */ = {isa = PBXBuildFile; fileRef = EA0D93AF190010430049D777 /* CDYAppDelegate.m */; };
		EA0D93B2190010430049D777 /* Images.xcassets in Resources */ = {isa = PBXBuildFile; fileRef = EA0D93B1190010430049D777 /* Images.xcassets */; };
		EA0D93B9190010430049D777 /* XCTest.framework in Frameworks */ = {isa = PBXBuildFile; fileRef = EA0D93B8190010430049D777 /* XCTest.framework */; };
		EA0D93BA190010430049D777 /* Foundation.framework in Frameworks */ = {isa = PBXBuildFile; fileRef = EA0D939F190010430049D777 /* Foundation.framework */; };
		EA0D93BB190010430049D777 /* UIKit.framework in Frameworks */ = {isa = PBXBuildFile; fileRef = EA0D93A3190010430049D777 /* UIKit.framework */; };
		EA0D93C3190010430049D777 /* InfoPlist.strings in Resources */ = {isa = PBXBuildFile; fileRef = EA0D93C1190010430049D777 /* InfoPlist.strings */; };
		EA0D93C5190010430049D777 /* CDYFacebookAuthenticationTests.m in Sources */ = {isa = PBXBuildFile; fileRef = EA0D93C4190010430049D777 /* CDYFacebookAuthenticationTests.m */; };
/* End PBXBuildFile section */

/* Begin PBXContainerItemProxy section */
		EA0D93BC190010430049D777 /* PBXContainerItemProxy */ = {
			isa = PBXContainerItemProxy;
			containerPortal = EA0D9394190010430049D777 /* Project object */;
			proxyType = 1;
			remoteGlobalIDString = EA0D939B190010430049D777;
			remoteInfo = CDYFacebookAuthentication;
		};
/* End PBXContainerItemProxy section */

/* Begin PBXFileReference section */
		EA0D939C190010430049D777 /* CDYFacebookAuthentication.app */ = {isa = PBXFileReference; explicitFileType = wrapper.application; includeInIndex = 0; path = CDYFacebookAuthentication.app; sourceTree = BUILT_PRODUCTS_DIR; };
		EA0D939F190010430049D777 /* Foundation.framework */ = {isa = PBXFileReference; lastKnownFileType = wrapper.framework; name = Foundation.framework; path = System/Library/Frameworks/Foundation.framework; sourceTree = SDKROOT; };
		EA0D93A1190010430049D777 /* CoreGraphics.framework */ = {isa = PBXFileReference; lastKnownFileType = wrapper.framework; name = CoreGraphics.framework; path = System/Library/Frameworks/CoreGraphics.framework; sourceTree = SDKROOT; };
		EA0D93A3190010430049D777 /* UIKit.framework */ = {isa = PBXFileReference; lastKnownFileType = wrapper.framework; name = UIKit.framework; path = System/Library/Frameworks/UIKit.framework; sourceTree = SDKROOT; };
		EA0D93A7190010430049D777 /* CDYFacebookAuthentication-Info.plist */ = {isa = PBXFileReference; lastKnownFileType = text.plist.xml; path = "CDYFacebookAuthentication-Info.plist"; sourceTree = "<group>"; };
		EA0D93A9190010430049D777 /* en */ = {isa = PBXFileReference; lastKnownFileType = text.plist.strings; name = en; path = en.lproj/InfoPlist.strings; sourceTree = "<group>"; };
		EA0D93AB190010430049D777 /* main.m */ = {isa = PBXFileReference; lastKnownFileType = sourcecode.c.objc; path = main.m; sourceTree = "<group>"; };
		EA0D93AD190010430049D777 /* CDYFacebookAuthentication-Prefix.pch */ = {isa = PBXFileReference; lastKnownFileType = sourcecode.c.h; path = "CDYFacebookAuthentication-Prefix.pch"; sourceTree = "<group>"; };
		EA0D93AE190010430049D777 /* CDYAppDelegate.h */ = {isa = PBXFileReference; lastKnownFileType = sourcecode.c.h; path = CDYAppDelegate.h; sourceTree = "<group>"; };
		EA0D93AF190010430049D777 /* CDYAppDelegate.m */ = {isa = PBXFileReference; lastKnownFileType = sourcecode.c.objc; path = CDYAppDelegate.m; sourceTree = "<group>"; };
		EA0D93B1190010430049D777 /* Images.xcassets */ = {isa = PBXFileReference; lastKnownFileType = folder.assetcatalog; path = Images.xcassets; sourceTree = "<group>"; };
		EA0D93B7190010430049D777 /* CDYFacebookAuthenticationTests.xctest */ = {isa = PBXFileReference; explicitFileType = wrapper.cfbundle; includeInIndex = 0; path = CDYFacebookAuthenticationTests.xctest; sourceTree = BUILT_PRODUCTS_DIR; };
		EA0D93B8190010430049D777 /* XCTest.framework */ = {isa = PBXFileReference; lastKnownFileType = wrapper.framework; name = XCTest.framework; path = Library/Frameworks/XCTest.framework; sourceTree = DEVELOPER_DIR; };
		EA0D93C0190010430049D777 /* CDYFacebookAuthenticationTests-Info.plist */ = {isa = PBXFileReference; lastKnownFileType = text.plist.xml; path = "CDYFacebookAuthenticationTests-Info.plist"; sourceTree = "<group>"; };
		EA0D93C2190010430049D777 /* en */ = {isa = PBXFileReference; lastKnownFileType = text.plist.strings; name = en; path = en.lproj/InfoPlist.strings; sourceTree = "<group>"; };
		EA0D93C4190010430049D777 /* CDYFacebookAuthenticationTests.m */ = {isa = PBXFileReference; lastKnownFileType = sourcecode.c.objc; path = CDYFacebookAuthenticationTests.m; sourceTree = "<group>"; };
		EA0D93CE190011B50049D777 /* CDYFacebookAuthentication.podspec */ = {isa = PBXFileReference; fileEncoding = 4; lastKnownFileType = text; path = CDYFacebookAuthentication.podspec; sourceTree = "<group>"; };
/* End PBXFileReference section */

/* Begin PBXFrameworksBuildPhase section */
		EA0D9399190010430049D777 /* Frameworks */ = {
			isa = PBXFrameworksBuildPhase;
			buildActionMask = 2147483647;
			files = (
				EA0D93A2190010430049D777 /* CoreGraphics.framework in Frameworks */,
				EA0D93A4190010430049D777 /* UIKit.framework in Frameworks */,
				EA0D93A0190010430049D777 /* Foundation.framework in Frameworks */,
			);
			runOnlyForDeploymentPostprocessing = 0;
		};
		EA0D93B4190010430049D777 /* Frameworks */ = {
			isa = PBXFrameworksBuildPhase;
			buildActionMask = 2147483647;
			files = (
				EA0D93B9190010430049D777 /* XCTest.framework in Frameworks */,
				EA0D93BB190010430049D777 /* UIKit.framework in Frameworks */,
				EA0D93BA190010430049D777 /* Foundation.framework in Frameworks */,
			);
			runOnlyForDeploymentPostprocessing = 0;
		};
/* End PBXFrameworksBuildPhase section */

/* Begin PBXGroup section */
		EA0D9393190010430049D777 = {
			isa = PBXGroup;
			children = (
				EA0D93CE190011B50049D777 /* CDYFacebookAuthentication.podspec */,
				EA0D93A5190010430049D777 /* CDYFacebookAuthentication */,
				EA0D93BE190010430049D777 /* CDYFacebookAuthenticationTests */,
				EA0D939E190010430049D777 /* Frameworks */,
				EA0D939D190010430049D777 /* Products */,
			);
			sourceTree = "<group>";
		};
		EA0D939D190010430049D777 /* Products */ = {
			isa = PBXGroup;
			children = (
				EA0D939C190010430049D777 /* CDYFacebookAuthentication.app */,
				EA0D93B7190010430049D777 /* CDYFacebookAuthenticationTests.xctest */,
			);
			name = Products;
			sourceTree = "<group>";
		};
		EA0D939E190010430049D777 /* Frameworks */ = {
			isa = PBXGroup;
			children = (
				EA0D939F190010430049D777 /* Foundation.framework */,
				EA0D93A1190010430049D777 /* CoreGraphics.framework */,
				EA0D93A3190010430049D777 /* UIKit.framework */,
				EA0D93B8190010430049D777 /* XCTest.framework */,
			);
			name = Frameworks;
			sourceTree = "<group>";
		};
		EA0D93A5190010430049D777 /* CDYFacebookAuthentication */ = {
			isa = PBXGroup;
			children = (
				EA0D93AE190010430049D777 /* CDYAppDelegate.h */,
				EA0D93AF190010430049D777 /* CDYAppDelegate.m */,
				EA0D93B1190010430049D777 /* Images.xcassets */,
				EA0D93A6190010430049D777 /* Supporting Files */,
			);
			path = CDYFacebookAuthentication;
			sourceTree = "<group>";
		};
		EA0D93A6190010430049D777 /* Supporting Files */ = {
			isa = PBXGroup;
			children = (
				EA0D93A7190010430049D777 /* CDYFacebookAuthentication-Info.plist */,
				EA0D93A8190010430049D777 /* InfoPlist.strings */,
				EA0D93AB190010430049D777 /* main.m */,
				EA0D93AD190010430049D777 /* CDYFacebookAuthentication-Prefix.pch */,
			);
			name = "Supporting Files";
			sourceTree = "<group>";
		};
		EA0D93BE190010430049D777 /* CDYFacebookAuthenticationTests */ = {
			isa = PBXGroup;
			children = (
				EA0D93C4190010430049D777 /* CDYFacebookAuthenticationTests.m */,
				EA0D93BF190010430049D777 /* Supporting Files */,
			);
			path = CDYFacebookAuthenticationTests;
			sourceTree = "<group>";
		};
		EA0D93BF190010430049D777 /* Supporting Files */ = {
			isa = PBXGroup;
			children = (
				EA0D93C0190010430049D777 /* CDYFacebookAuthenticationTests-Info.plist */,
				EA0D93C1190010430049D777 /* InfoPlist.strings */,
			);
			name = "Supporting Files";
			sourceTree = "<group>";
		};
/* End PBXGroup section */

/* Begin PBXNativeTarget section */
		EA0D939B190010430049D777 /* CDYFacebookAuthentication */ = {
			isa = PBXNativeTarget;
			buildConfigurationList = EA0D93C8190010430049D777 /* Build configuration list for PBXNativeTarget "CDYFacebookAuthentication" */;
			buildPhases = (
				EA0D9398190010430049D777 /* Sources */,
				EA0D9399190010430049D777 /* Frameworks */,
				EA0D939A190010430049D777 /* Resources */,
			);
			buildRules = (
			);
			dependencies = (
			);
			name = CDYFacebookAuthentication;
			productName = CDYFacebookAuthentication;
			productReference = EA0D939C190010430049D777 /* CDYFacebookAuthentication.app */;
			productType = "com.apple.product-type.application";
		};
		EA0D93B6190010430049D777 /* CDYFacebookAuthenticationTests */ = {
			isa = PBXNativeTarget;
			buildConfigurationList = EA0D93CB190010430049D777 /* Build configuration list for PBXNativeTarget "CDYFacebookAuthenticationTests" */;
			buildPhases = (
				EA0D93B3190010430049D777 /* Sources */,
				EA0D93B4190010430049D777 /* Frameworks */,
				EA0D93B5190010430049D777 /* Resources */,
			);
			buildRules = (
			);
			dependencies = (
				EA0D93BD190010430049D777 /* PBXTargetDependency */,
			);
			name = CDYFacebookAuthenticationTests;
			productName = CDYFacebookAuthenticationTests;
			productReference = EA0D93B7190010430049D777 /* CDYFacebookAuthenticationTests.xctest */;
			productType = "com.apple.product-type.bundle.unit-test";
		};
/* End PBXNativeTarget section */

/* Begin PBXProject section */
		EA0D9394190010430049D777 /* Project object */ = {
			isa = PBXProject;
			attributes = {
				CLASSPREFIX = CDY;
				LastUpgradeCheck = 0510;
				ORGANIZATIONNAME = "Coodly OÜ";
				TargetAttributes = {
					EA0D93B6190010430049D777 = {
						TestTargetID = EA0D939B190010430049D777;
					};
				};
			};
			buildConfigurationList = EA0D9397190010430049D777 /* Build configuration list for PBXProject "CDYFacebookAuthentication" */;
			compatibilityVersion = "Xcode 3.2";
			developmentRegion = English;
			hasScannedForEncodings = 0;
			knownRegions = (
				en,
			);
			mainGroup = EA0D9393190010430049D777;
			productRefGroup = EA0D939D190010430049D777 /* Products */;
			projectDirPath = "";
			projectRoot = "";
			targets = (
				EA0D939B190010430049D777 /* CDYFacebookAuthentication */,
				EA0D93B6190010430049D777 /* CDYFacebookAuthenticationTests */,
			);
		};
/* End PBXProject section */

/* Begin PBXResourcesBuildPhase section */
		EA0D939A190010430049D777 /* Resources */ = {
			isa = PBXResourcesBuildPhase;
			buildActionMask = 2147483647;
			files = (
				EA0D93AA190010430049D777 /* InfoPlist.strings in Resources */,
				EA0D93B2190010430049D777 /* Images.xcassets in Resources */,
			);
			runOnlyForDeploymentPostprocessing = 0;
		};
		EA0D93B5190010430049D777 /* Resources */ = {
			isa = PBXResourcesBuildPhase;
			buildActionMask = 2147483647;
			files = (
				EA0D93C3190010430049D777 /* InfoPlist.strings in Resources */,
			);
			runOnlyForDeploymentPostprocessing = 0;
		};
/* End PBXResourcesBuildPhase section */

/* Begin PBXSourcesBuildPhase section */
		EA0D9398190010430049D777 /* Sources */ = {
			isa = PBXSourcesBuildPhase;
			buildActionMask = 2147483647;
			files = (
				EA0D93AC190010430049D777 /* main.m in Sources */,
				EA0D93B0190010430049D777 /* CDYAppDelegate.m in Sources */,
			);
			runOnlyForDeploymentPostprocessing = 0;
		};
		EA0D93B3190010430049D777 /* Sources */ = {
			isa = PBXSourcesBuildPhase;
			buildActionMask = 2147483647;
			files = (
				EA0D93C5190010430049D777 /* CDYFacebookAuthenticationTests.m in Sources */,
			);
			runOnlyForDeploymentPostprocessing = 0;
		};
/* End PBXSourcesBuildPhase section */

/* Begin PBXTargetDependency section */
		EA0D93BD190010430049D777 /* PBXTargetDependency */ = {
			isa = PBXTargetDependency;
			target = EA0D939B190010430049D777 /* CDYFacebookAuthentication */;
			targetProxy = EA0D93BC190010430049D777 /* PBXContainerItemProxy */;
		};
/* End PBXTargetDependency section */

/* Begin PBXVariantGroup section */
		EA0D93A8190010430049D777 /* InfoPlist.strings */ = {
			isa = PBXVariantGroup;
			children = (
				EA0D93A9190010430049D777 /* en */,
			);
			name = InfoPlist.strings;
			sourceTree = "<group>";
		};
		EA0D93C1190010430049D777 /* InfoPlist.strings */ = {
			isa = PBXVariantGroup;
			children = (
				EA0D93C2190010430049D777 /* en */,
			);
			name = InfoPlist.strings;
			sourceTree = "<group>";
		};
/* End PBXVariantGroup section */

/* Begin XCBuildConfiguration section */
		EA0D93C6190010430049D777 /* Debug */ = {
			isa = XCBuildConfiguration;
			buildSettings = {
				ALWAYS_SEARCH_USER_PATHS = NO;
				CLANG_CXX_LANGUAGE_STANDARD = "gnu++0x";
				CLANG_CXX_LIBRARY = "libc++";
				CLANG_ENABLE_MODULES = YES;
				CLANG_ENABLE_OBJC_ARC = YES;
				CLANG_WARN_BOOL_CONVERSION = YES;
				CLANG_WARN_CONSTANT_CONVERSION = YES;
				CLANG_WARN_DIRECT_OBJC_ISA_USAGE = YES_ERROR;
				CLANG_WARN_EMPTY_BODY = YES;
				CLANG_WARN_ENUM_CONVERSION = YES;
				CLANG_WARN_INT_CONVERSION = YES;
				CLANG_WARN_OBJC_ROOT_CLASS = YES_ERROR;
				CLANG_WARN__DUPLICATE_METHOD_MATCH = YES;
				"CODE_SIGN_IDENTITY[sdk=iphoneos*]" = "iPhone Developer";
				COPY_PHASE_STRIP = NO;
				GCC_C_LANGUAGE_STANDARD = gnu99;
				GCC_DYNAMIC_NO_PIC = NO;
				GCC_OPTIMIZATION_LEVEL = 0;
				GCC_PREPROCESSOR_DEFINITIONS = (
					"DEBUG=1",
					"$(inherited)",
				);
				GCC_SYMBOLS_PRIVATE_EXTERN = NO;
				GCC_WARN_64_TO_32_BIT_CONVERSION = YES;
				GCC_WARN_ABOUT_RETURN_TYPE = YES_ERROR;
				GCC_WARN_UNDECLARED_SELECTOR = YES;
				GCC_WARN_UNINITIALIZED_AUTOS = YES_AGGRESSIVE;
				GCC_WARN_UNUSED_FUNCTION = YES;
				GCC_WARN_UNUSED_VARIABLE = YES;
				IPHONEOS_DEPLOYMENT_TARGET = 7.1;
				ONLY_ACTIVE_ARCH = YES;
				SDKROOT = iphoneos;
			};
			name = Debug;
		};
		EA0D93C7190010430049D777 /* Release */ = {
			isa = XCBuildConfiguration;
			buildSettings = {
				ALWAYS_SEARCH_USER_PATHS = NO;
				CLANG_CXX_LANGUAGE_STANDARD = "gnu++0x";
				CLANG_CXX_LIBRARY = "libc++";
				CLANG_ENABLE_MODULES = YES;
				CLANG_ENABLE_OBJC_ARC = YES;
				CLANG_WARN_BOOL_CONVERSION = YES;
				CLANG_WARN_CONSTANT_CONVERSION = YES;
				CLANG_WARN_DIRECT_OBJC_ISA_USAGE = YES_ERROR;
				CLANG_WARN_EMPTY_BODY = YES;
				CLANG_WARN_ENUM_CONVERSION = YES;
				CLANG_WARN_INT_CONVERSION = YES;
				CLANG_WARN_OBJC_ROOT_CLASS = YES_ERROR;
				CLANG_WARN__DUPLICATE_METHOD_MATCH = YES;
				"CODE_SIGN_IDENTITY[sdk=iphoneos*]" = "iPhone Developer";
				COPY_PHASE_STRIP = YES;
				ENABLE_NS_ASSERTIONS = NO;
				GCC_C_LANGUAGE_STANDARD = gnu99;
				GCC_WARN_64_TO_32_BIT_CONVERSION = YES;
				GCC_WARN_ABOUT_RETURN_TYPE = YES_ERROR;
				GCC_WARN_UNDECLARED_SELECTOR = YES;
				GCC_WARN_UNINITIALIZED_AUTOS = YES_AGGRESSIVE;
				GCC_WARN_UNUSED_FUNCTION = YES;
				GCC_WARN_UNUSED_VARIABLE = YES;
				IPHONEOS_DEPLOYMENT_TARGET = 7.1;
				SDKROOT = iphoneos;
				VALIDATE_PRODUCT = YES;
			};
			name = Release;
		};
		EA0D93C9190010430049D777 /* Debug */ = {
			isa = XCBuildConfiguration;
			buildSettings = {
				ASSETCATALOG_COMPILER_APPICON_NAME = AppIcon;
				ASSETCATALOG_COMPILER_LAUNCHIMAGE_NAME = LaunchImage;
				GCC_PRECOMPILE_PREFIX_HEADER = YES;
				GCC_PREFIX_HEADER = "CDYFacebookAuthentication/CDYFacebookAuthentication-Prefix.pch";
				INFOPLIST_FILE = "CDYFacebookAuthentication/CDYFacebookAuthentication-Info.plist";
				PRODUCT_NAME = "$(TARGET_NAME)";
				WRAPPER_EXTENSION = app;
			};
			name = Debug;
		};
		EA0D93CA190010430049D777 /* Release */ = {
			isa = XCBuildConfiguration;
			buildSettings = {
				ASSETCATALOG_COMPILER_APPICON_NAME = AppIcon;
				ASSETCATALOG_COMPILER_LAUNCHIMAGE_NAME = LaunchImage;
				GCC_PRECOMPILE_PREFIX_HEADER = YES;
				GCC_PREFIX_HEADER = "CDYFacebookAuthentication/CDYFacebookAuthentication-Prefix.pch";
				INFOPLIST_FILE = "CDYFacebookAuthentication/CDYFacebookAuthentication-Info.plist";
				PRODUCT_NAME = "$(TARGET_NAME)";
				WRAPPER_EXTENSION = app;
			};
			name = Release;
		};
		EA0D93CC190010430049D777 /* Debug */ = {
			isa = XCBuildConfiguration;
			buildSettings = {
				BUNDLE_LOADER = "$(BUILT_PRODUCTS_DIR)/CDYFacebookAuthentication.app/CDYFacebookAuthentication";
				FRAMEWORK_SEARCH_PATHS = (
					"$(SDKROOT)/Developer/Library/Frameworks",
					"$(inherited)",
					"$(DEVELOPER_FRAMEWORKS_DIR)",
				);
				GCC_PRECOMPILE_PREFIX_HEADER = YES;
				GCC_PREFIX_HEADER = "CDYFacebookAuthentication/CDYFacebookAuthentication-Prefix.pch";
				GCC_PREPROCESSOR_DEFINITIONS = (
					"DEBUG=1",
					"$(inherited)",
				);
				INFOPLIST_FILE = "CDYFacebookAuthenticationTests/CDYFacebookAuthenticationTests-Info.plist";
				PRODUCT_NAME = "$(TARGET_NAME)";
				TEST_HOST = "$(BUNDLE_LOADER)";
				WRAPPER_EXTENSION = xctest;
			};
			name = Debug;
		};
		EA0D93CD190010430049D777 /* Release */ = {
			isa = XCBuildConfiguration;
			buildSettings = {
				BUNDLE_LOADER = "$(BUILT_PRODUCTS_DIR)/CDYFacebookAuthentication.app/CDYFacebookAuthentication";
				FRAMEWORK_SEARCH_PATHS = (
					"$(SDKROOT)/Developer/Library/Frameworks",
					"$(inherited)",
					"$(DEVELOPER_FRAMEWORKS_DIR)",
				);
				GCC_PRECOMPILE_PREFIX_HEADER = YES;
				GCC_PREFIX_HEADER = "CDYFacebookAuthentication/CDYFacebookAuthentication-Prefix.pch";
				INFOPLIST_FILE = "CDYFacebookAuthenticationTests/CDYFacebookAuthenticationTests-Info.plist";
				PRODUCT_NAME = "$(TARGET_NAME)";
				TEST_HOST = "$(BUNDLE_LOADER)";
				WRAPPER_EXTENSION = xctest;
			};
			name = Release;
		};
/* End XCBuildConfiguration section */

/* Begin XCConfigurationList section */
		EA0D9397190010430049D777 /* Build configuration list for PBXProject "CDYFacebookAuthentication" */ = {
			isa = XCConfigurationList;
			buildConfigurations = (
				EA0D93C6190010430049D777 /* Debug */,
				EA0D93C7190010430049D777 /* Release */,
			);
			defaultConfigurationIsVisible = 0;
			defaultConfigurationName = Release;
		};
		EA0D93C8190010430049D777 /* Build configuration list for PBXNativeTarget "CDYFacebookAuthentication" */ = {
			isa = XCConfigurationList;
			buildConfigurations = (
				EA0D93C9190010430049D777 /* Debug */,
				EA0D93CA190010430049D777 /* Release */,
			);
			defaultConfigurationIsVisible = 0;
		};
		EA0D93CB190010430049D777 /* Build configuration list for PBXNativeTarget "CDYFacebookAuthenticationTests" */ = {
			isa = XCConfigurationList;
			buildConfigurations = (
				EA0D93CC190010430049D777 /* Debug */,
				EA0D93CD190010430049D777 /* Release */,
			);
			defaultConfigurationIsVisible = 0;
		};
/* End XCConfigurationList section */
	};
	rootObject = EA0D9394190010430049D777 /* Project object */;
}
